// !$*UTF8*$!
{
	archiveVersion = 1;
	classes = {
	};
	objectVersion = 46;
	objects = {

/* Begin PBXBuildFile section */
		06A7114A1EBBB3C30015715D /* ConditionalConstraint.swift in Sources */ = {isa = PBXBuildFile; fileRef = 06A711491EBBB3C30015715D /* ConditionalConstraint.swift */; };
		06EAA9781EBCC1C9006C3FDE /* UITextField.swift in Sources */ = {isa = PBXBuildFile; fileRef = 06EAA9771EBCC1C9006C3FDE /* UITextField.swift */; };
		8210EFF3F4EEDB0254571B49 /* Pods_BaseProject.framework in Frameworks */ = {isa = PBXBuildFile; fileRef = A83BDEBAACF49340AB137011 /* Pods_BaseProject.framework */; };
		83D7EEE31E8ACBEC0037EE7E /* AppDelegate.swift in Sources */ = {isa = PBXBuildFile; fileRef = 83D7EEE21E8ACBEC0037EE7E /* AppDelegate.swift */; };
		83D7EEE81E8ACBEC0037EE7E /* Login.storyboard in Resources */ = {isa = PBXBuildFile; fileRef = 83D7EEE61E8ACBEC0037EE7E /* Login.storyboard */; };
		83D7EEEA1E8ACBEC0037EE7E /* Assets.xcassets in Resources */ = {isa = PBXBuildFile; fileRef = 83D7EEE91E8ACBEC0037EE7E /* Assets.xcassets */; };
		83D7EEED1E8ACBEC0037EE7E /* LaunchScreen.storyboard in Resources */ = {isa = PBXBuildFile; fileRef = 83D7EEEB1E8ACBEC0037EE7E /* LaunchScreen.storyboard */; };
		83D7EEF51E8ACC030037EE7E /* Strings.swift in Sources */ = {isa = PBXBuildFile; fileRef = 83D7EEF41E8ACC030037EE7E /* Strings.swift */; };
		83D7EEF71E8ACD400037EE7E /* Colors.swift in Sources */ = {isa = PBXBuildFile; fileRef = 83D7EEF61E8ACD400037EE7E /* Colors.swift */; };
		83D7EEF91E8ACDC30037EE7E /* Fonts.swift in Sources */ = {isa = PBXBuildFile; fileRef = 83D7EEF81E8ACDC30037EE7E /* Fonts.swift */; };
		83D7EEFF1E8ACE940037EE7E /* UIView.swift in Sources */ = {isa = PBXBuildFile; fileRef = 83D7EEFE1E8ACE940037EE7E /* UIView.swift */; };
		83D7EF011E8ACF0A0037EE7E /* UIViewController.swift in Sources */ = {isa = PBXBuildFile; fileRef = 83D7EF001E8ACF0A0037EE7E /* UIViewController.swift */; };
		83D7EF031E8AD1E60037EE7E /* String.swift in Sources */ = {isa = PBXBuildFile; fileRef = 83D7EF021E8AD1E60037EE7E /* String.swift */; };
		83D7EF051E8AD2900037EE7E /* UIDevice.swift in Sources */ = {isa = PBXBuildFile; fileRef = 83D7EF041E8AD2900037EE7E /* UIDevice.swift */; };
		83D7EF071E8AD3300037EE7E /* Date.swift in Sources */ = {isa = PBXBuildFile; fileRef = 83D7EF061E8AD3300037EE7E /* Date.swift */; };
		83D7EF091E8AD4B10037EE7E /* Data.swift in Sources */ = {isa = PBXBuildFile; fileRef = 83D7EF081E8AD4B10037EE7E /* Data.swift */; };
		83D7EF0B1E8AD4CC0037EE7E /* UIImage.swift in Sources */ = {isa = PBXBuildFile; fileRef = 83D7EF0A1E8AD4CC0037EE7E /* UIImage.swift */; };
		83D7EF0D1E8BEAE30037EE7E /* Main.storyboard in Resources */ = {isa = PBXBuildFile; fileRef = 83D7EF0C1E8BEAE30037EE7E /* Main.storyboard */; };
		83D7EF0F1E8BF5550037EE7E /* HomeVC.swift in Sources */ = {isa = PBXBuildFile; fileRef = 83D7EF0E1E8BF5550037EE7E /* HomeVC.swift */; };
		83D7EF121E8BF5910037EE7E /* User.swift in Sources */ = {isa = PBXBuildFile; fileRef = 83D7EF111E8BF5910037EE7E /* User.swift */; };
		83D7EF141E8BF67F0037EE7E /* Identifiers.swift in Sources */ = {isa = PBXBuildFile; fileRef = 83D7EF131E8BF67F0037EE7E /* Identifiers.swift */; };
		83D7EF171E8C04570037EE7E /* LoginVC.swift in Sources */ = {isa = PBXBuildFile; fileRef = 83D7EF161E8C04570037EE7E /* LoginVC.swift */; };
		83D7EF191E8C04660037EE7E /* SignInVC.swift in Sources */ = {isa = PBXBuildFile; fileRef = 83D7EF181E8C04660037EE7E /* SignInVC.swift */; };
		83D7EF1B1E8C046F0037EE7E /* SignUpVC.swift in Sources */ = {isa = PBXBuildFile; fileRef = 83D7EF1A1E8C046F0037EE7E /* SignUpVC.swift */; };
		83D7EF1D1E8C04900037EE7E /* ForgotPasswordVC.swift in Sources */ = {isa = PBXBuildFile; fileRef = 83D7EF1C1E8C04900037EE7E /* ForgotPasswordVC.swift */; };
		83D7EF1F1E8C171C0037EE7E /* Router.swift in Sources */ = {isa = PBXBuildFile; fileRef = 83D7EF1E1E8C171C0037EE7E /* Router.swift */; };
/* End PBXBuildFile section */

/* Begin PBXFileReference section */
		06A711491EBBB3C30015715D /* ConditionalConstraint.swift */ = {isa = PBXFileReference; fileEncoding = 4; lastKnownFileType = sourcecode.swift; path = ConditionalConstraint.swift; sourceTree = "<group>"; };
		06EAA9771EBCC1C9006C3FDE /* UITextField.swift */ = {isa = PBXFileReference; fileEncoding = 4; lastKnownFileType = sourcecode.swift; path = UITextField.swift; sourceTree = "<group>"; };
		4AFD647744F53B86DD8412D6 /* Pods-BaseProject.debug.xcconfig */ = {isa = PBXFileReference; includeInIndex = 1; lastKnownFileType = text.xcconfig; name = "Pods-BaseProject.debug.xcconfig"; path = "Pods/Target Support Files/Pods-BaseProject/Pods-BaseProject.debug.xcconfig"; sourceTree = "<group>"; };
		83D7EEDF1E8ACBEC0037EE7E /* BaseProject.app */ = {isa = PBXFileReference; explicitFileType = wrapper.application; includeInIndex = 0; path = BaseProject.app; sourceTree = BUILT_PRODUCTS_DIR; };
		83D7EEE21E8ACBEC0037EE7E /* AppDelegate.swift */ = {isa = PBXFileReference; lastKnownFileType = sourcecode.swift; path = AppDelegate.swift; sourceTree = "<group>"; };
		83D7EEE71E8ACBEC0037EE7E /* Base */ = {isa = PBXFileReference; lastKnownFileType = file.storyboard; name = Base; path = Base.lproj/Login.storyboard; sourceTree = "<group>"; };
		83D7EEE91E8ACBEC0037EE7E /* Assets.xcassets */ = {isa = PBXFileReference; lastKnownFileType = folder.assetcatalog; path = Assets.xcassets; sourceTree = "<group>"; };
		83D7EEEC1E8ACBEC0037EE7E /* Base */ = {isa = PBXFileReference; lastKnownFileType = file.storyboard; name = Base; path = Base.lproj/LaunchScreen.storyboard; sourceTree = "<group>"; };
		83D7EEEE1E8ACBEC0037EE7E /* Info.plist */ = {isa = PBXFileReference; lastKnownFileType = text.plist.xml; path = Info.plist; sourceTree = "<group>"; };
		83D7EEF41E8ACC030037EE7E /* Strings.swift */ = {isa = PBXFileReference; fileEncoding = 4; lastKnownFileType = sourcecode.swift; path = Strings.swift; sourceTree = "<group>"; };
		83D7EEF61E8ACD400037EE7E /* Colors.swift */ = {isa = PBXFileReference; fileEncoding = 4; lastKnownFileType = sourcecode.swift; path = Colors.swift; sourceTree = "<group>"; };
		83D7EEF81E8ACDC30037EE7E /* Fonts.swift */ = {isa = PBXFileReference; fileEncoding = 4; lastKnownFileType = sourcecode.swift; path = Fonts.swift; sourceTree = "<group>"; };
		83D7EEFE1E8ACE940037EE7E /* UIView.swift */ = {isa = PBXFileReference; fileEncoding = 4; lastKnownFileType = sourcecode.swift; path = UIView.swift; sourceTree = "<group>"; };
		83D7EF001E8ACF0A0037EE7E /* UIViewController.swift */ = {isa = PBXFileReference; fileEncoding = 4; lastKnownFileType = sourcecode.swift; path = UIViewController.swift; sourceTree = "<group>"; };
		83D7EF021E8AD1E60037EE7E /* String.swift */ = {isa = PBXFileReference; fileEncoding = 4; lastKnownFileType = sourcecode.swift; path = String.swift; sourceTree = "<group>"; };
		83D7EF041E8AD2900037EE7E /* UIDevice.swift */ = {isa = PBXFileReference; fileEncoding = 4; lastKnownFileType = sourcecode.swift; path = UIDevice.swift; sourceTree = "<group>"; };
		83D7EF061E8AD3300037EE7E /* Date.swift */ = {isa = PBXFileReference; fileEncoding = 4; lastKnownFileType = sourcecode.swift; path = Date.swift; sourceTree = "<group>"; };
		83D7EF081E8AD4B10037EE7E /* Data.swift */ = {isa = PBXFileReference; fileEncoding = 4; lastKnownFileType = sourcecode.swift; path = Data.swift; sourceTree = "<group>"; };
		83D7EF0A1E8AD4CC0037EE7E /* UIImage.swift */ = {isa = PBXFileReference; fileEncoding = 4; lastKnownFileType = sourcecode.swift; path = UIImage.swift; sourceTree = "<group>"; };
		83D7EF0C1E8BEAE30037EE7E /* Main.storyboard */ = {isa = PBXFileReference; fileEncoding = 4; lastKnownFileType = file.storyboard; path = Main.storyboard; sourceTree = "<group>"; };
		83D7EF0E1E8BF5550037EE7E /* HomeVC.swift */ = {isa = PBXFileReference; fileEncoding = 4; lastKnownFileType = sourcecode.swift; path = HomeVC.swift; sourceTree = "<group>"; };
		83D7EF111E8BF5910037EE7E /* User.swift */ = {isa = PBXFileReference; fileEncoding = 4; lastKnownFileType = sourcecode.swift; path = User.swift; sourceTree = "<group>"; };
		83D7EF131E8BF67F0037EE7E /* Identifiers.swift */ = {isa = PBXFileReference; fileEncoding = 4; lastKnownFileType = sourcecode.swift; path = Identifiers.swift; sourceTree = "<group>"; };
		83D7EF161E8C04570037EE7E /* LoginVC.swift */ = {isa = PBXFileReference; fileEncoding = 4; lastKnownFileType = sourcecode.swift; path = LoginVC.swift; sourceTree = "<group>"; };
		83D7EF181E8C04660037EE7E /* SignInVC.swift */ = {isa = PBXFileReference; fileEncoding = 4; lastKnownFileType = sourcecode.swift; path = SignInVC.swift; sourceTree = "<group>"; };
		83D7EF1A1E8C046F0037EE7E /* SignUpVC.swift */ = {isa = PBXFileReference; fileEncoding = 4; lastKnownFileType = sourcecode.swift; path = SignUpVC.swift; sourceTree = "<group>"; };
		83D7EF1C1E8C04900037EE7E /* ForgotPasswordVC.swift */ = {isa = PBXFileReference; fileEncoding = 4; lastKnownFileType = sourcecode.swift; path = ForgotPasswordVC.swift; sourceTree = "<group>"; };
		83D7EF1E1E8C171C0037EE7E /* Router.swift */ = {isa = PBXFileReference; fileEncoding = 4; lastKnownFileType = sourcecode.swift; path = Router.swift; sourceTree = "<group>"; };
		A83BDEBAACF49340AB137011 /* Pods_BaseProject.framework */ = {isa = PBXFileReference; explicitFileType = wrapper.framework; includeInIndex = 0; path = Pods_BaseProject.framework; sourceTree = BUILT_PRODUCTS_DIR; };
		DBAC2FA10525F5B504CD08B8 /* Pods-BaseProject.release.xcconfig */ = {isa = PBXFileReference; includeInIndex = 1; lastKnownFileType = text.xcconfig; name = "Pods-BaseProject.release.xcconfig"; path = "Pods/Target Support Files/Pods-BaseProject/Pods-BaseProject.release.xcconfig"; sourceTree = "<group>"; };
/* End PBXFileReference section */

/* Begin PBXFrameworksBuildPhase section */
		83D7EEDC1E8ACBEC0037EE7E /* Frameworks */ = {
			isa = PBXFrameworksBuildPhase;
			buildActionMask = 2147483647;
			files = (
				8210EFF3F4EEDB0254571B49 /* Pods_BaseProject.framework in Frameworks */,
			);
			runOnlyForDeploymentPostprocessing = 0;
		};
/* End PBXFrameworksBuildPhase section */

/* Begin PBXGroup section */
		39988B44E6A3B99587F93D2B /* Pods */ = {
			isa = PBXGroup;
			children = (
				4AFD647744F53B86DD8412D6 /* Pods-BaseProject.debug.xcconfig */,
				DBAC2FA10525F5B504CD08B8 /* Pods-BaseProject.release.xcconfig */,
			);
			name = Pods;
			sourceTree = "<group>";
		};
		74015FE3AD063E535B491CE0 /* Frameworks */ = {
			isa = PBXGroup;
			children = (
				A83BDEBAACF49340AB137011 /* Pods_BaseProject.framework */,
			);
			name = Frameworks;
			sourceTree = "<group>";
		};
		83D7EED61E8ACBEC0037EE7E = {
			isa = PBXGroup;
			children = (
				83D7EEE11E8ACBEC0037EE7E /* BaseProject */,
				83D7EEE01E8ACBEC0037EE7E /* Products */,
				39988B44E6A3B99587F93D2B /* Pods */,
				74015FE3AD063E535B491CE0 /* Frameworks */,
			);
			sourceTree = "<group>";
		};
		83D7EEE01E8ACBEC0037EE7E /* Products */ = {
			isa = PBXGroup;
			children = (
				83D7EEDF1E8ACBEC0037EE7E /* BaseProject.app */,
			);
			name = Products;
			sourceTree = "<group>";
		};
		83D7EEE11E8ACBEC0037EE7E /* BaseProject */ = {
			isa = PBXGroup;
			children = (
				83D7EEFA1E8ACE180037EE7E /* ViewControllers */,
				83D7EEE21E8ACBEC0037EE7E /* AppDelegate.swift */,
				83D7EEFB1E8ACE3B0037EE7E /* Storyboards */,
				83D7EF101E8BF5780037EE7E /* Models */,
				83D7EEE91E8ACBEC0037EE7E /* Assets.xcassets */,
				83D7EEEE1E8ACBEC0037EE7E /* Info.plist */,
				83D7EEFD1E8ACE610037EE7E /* Extensions */,
				83D7EEFC1E8ACE500037EE7E /* Helpers */,
			);
			path = BaseProject;
			sourceTree = "<group>";
		};
		83D7EEFA1E8ACE180037EE7E /* ViewControllers */ = {
			isa = PBXGroup;
			children = (
				83D7EF151E8C03F00037EE7E /* Login */,
				83D7EF0E1E8BF5550037EE7E /* HomeVC.swift */,
			);
			name = ViewControllers;
			sourceTree = "<group>";
		};
		83D7EEFB1E8ACE3B0037EE7E /* Storyboards */ = {
			isa = PBXGroup;
			children = (
				83D7EF0C1E8BEAE30037EE7E /* Main.storyboard */,
				83D7EEE61E8ACBEC0037EE7E /* Login.storyboard */,
				83D7EEEB1E8ACBEC0037EE7E /* LaunchScreen.storyboard */,
			);
			name = Storyboards;
			sourceTree = "<group>";
		};
		83D7EEFC1E8ACE500037EE7E /* Helpers */ = {
			isa = PBXGroup;
			children = (
				83D7EEF41E8ACC030037EE7E /* Strings.swift */,
				83D7EEF61E8ACD400037EE7E /* Colors.swift */,
				83D7EEF81E8ACDC30037EE7E /* Fonts.swift */,
				83D7EF131E8BF67F0037EE7E /* Identifiers.swift */,
				06A711491EBBB3C30015715D /* ConditionalConstraint.swift */,
			);
			name = Helpers;
			sourceTree = "<group>";
		};
		83D7EEFD1E8ACE610037EE7E /* Extensions */ = {
			isa = PBXGroup;
			children = (
				83D7EEFE1E8ACE940037EE7E /* UIView.swift */,
				83D7EF001E8ACF0A0037EE7E /* UIViewController.swift */,
				83D7EF021E8AD1E60037EE7E /* String.swift */,
				83D7EF041E8AD2900037EE7E /* UIDevice.swift */,
				83D7EF061E8AD3300037EE7E /* Date.swift */,
				83D7EF081E8AD4B10037EE7E /* Data.swift */,
				83D7EF0A1E8AD4CC0037EE7E /* UIImage.swift */,
				06EAA9771EBCC1C9006C3FDE /* UITextField.swift */,
			);
			name = Extensions;
			sourceTree = "<group>";
		};
		83D7EF101E8BF5780037EE7E /* Models */ = {
			isa = PBXGroup;
			children = (
				83D7EF111E8BF5910037EE7E /* User.swift */,
				83D7EF1E1E8C171C0037EE7E /* Router.swift */,
			);
			name = Models;
			sourceTree = "<group>";
		};
		83D7EF151E8C03F00037EE7E /* Login */ = {
			isa = PBXGroup;
			children = (
				83D7EF161E8C04570037EE7E /* LoginVC.swift */,
				83D7EF181E8C04660037EE7E /* SignInVC.swift */,
				83D7EF1A1E8C046F0037EE7E /* SignUpVC.swift */,
				83D7EF1C1E8C04900037EE7E /* ForgotPasswordVC.swift */,
			);
			name = Login;
			sourceTree = "<group>";
		};
/* End PBXGroup section */

/* Begin PBXNativeTarget section */
		83D7EEDE1E8ACBEC0037EE7E /* BaseProject */ = {
			isa = PBXNativeTarget;
			buildConfigurationList = 83D7EEF11E8ACBEC0037EE7E /* Build configuration list for PBXNativeTarget "BaseProject" */;
			buildPhases = (
				F7B0FC5C6C5E495AD4AA8664 /* [CP] Check Pods Manifest.lock */,
				83D7EEDB1E8ACBEC0037EE7E /* Sources */,
				83D7EEDC1E8ACBEC0037EE7E /* Frameworks */,
				83D7EEDD1E8ACBEC0037EE7E /* Resources */,
				85E122705530A558125E0C96 /* [CP] Embed Pods Frameworks */,
				1A4BA44BA870BE8656DB9FE6 /* [CP] Copy Pods Resources */,
			);
			buildRules = (
			);
			dependencies = (
			);
			name = BaseProject;
			productName = BaseProject;
			productReference = 83D7EEDF1E8ACBEC0037EE7E /* BaseProject.app */;
			productType = "com.apple.product-type.application";
		};
/* End PBXNativeTarget section */

/* Begin PBXProject section */
		83D7EED71E8ACBEC0037EE7E /* Project object */ = {
			isa = PBXProject;
			attributes = {
				LastSwiftUpdateCheck = 0820;
				LastUpgradeCheck = 0820;
				ORGANIZATIONNAME = "Lateral View";
				TargetAttributes = {
					83D7EEDE1E8ACBEC0037EE7E = {
						CreatedOnToolsVersion = 8.2.1;
						DevelopmentTeam = 4PUW4LLWZC;
						ProvisioningStyle = Automatic;
					};
				};
			};
			buildConfigurationList = 83D7EEDA1E8ACBEC0037EE7E /* Build configuration list for PBXProject "BaseProject" */;
			compatibilityVersion = "Xcode 3.2";
			developmentRegion = English;
			hasScannedForEncodings = 0;
			knownRegions = (
				en,
				Base,
			);
			mainGroup = 83D7EED61E8ACBEC0037EE7E;
			productRefGroup = 83D7EEE01E8ACBEC0037EE7E /* Products */;
			projectDirPath = "";
			projectRoot = "";
			targets = (
				83D7EEDE1E8ACBEC0037EE7E /* BaseProject */,
			);
		};
/* End PBXProject section */

/* Begin PBXResourcesBuildPhase section */
		83D7EEDD1E8ACBEC0037EE7E /* Resources */ = {
			isa = PBXResourcesBuildPhase;
			buildActionMask = 2147483647;
			files = (
				83D7EEED1E8ACBEC0037EE7E /* LaunchScreen.storyboard in Resources */,
				83D7EEEA1E8ACBEC0037EE7E /* Assets.xcassets in Resources */,
				83D7EEE81E8ACBEC0037EE7E /* Login.storyboard in Resources */,
				83D7EF0D1E8BEAE30037EE7E /* Main.storyboard in Resources */,
			);
			runOnlyForDeploymentPostprocessing = 0;
		};
/* End PBXResourcesBuildPhase section */

/* Begin PBXShellScriptBuildPhase section */
		1A4BA44BA870BE8656DB9FE6 /* [CP] Copy Pods Resources */ = {
			isa = PBXShellScriptBuildPhase;
			buildActionMask = 2147483647;
			files = (
			);
			inputPaths = (
			);
			name = "[CP] Copy Pods Resources";
			outputPaths = (
			);
			runOnlyForDeploymentPostprocessing = 0;
			shellPath = /bin/sh;
			shellScript = "\"${SRCROOT}/Pods/Target Support Files/Pods-BaseProject/Pods-BaseProject-resources.sh\"\n";
			showEnvVarsInLog = 0;
		};
		85E122705530A558125E0C96 /* [CP] Embed Pods Frameworks */ = {
			isa = PBXShellScriptBuildPhase;
			buildActionMask = 2147483647;
			files = (
			);
			inputPaths = (
			);
			name = "[CP] Embed Pods Frameworks";
			outputPaths = (
			);
			runOnlyForDeploymentPostprocessing = 0;
			shellPath = /bin/sh;
			shellScript = "\"${SRCROOT}/Pods/Target Support Files/Pods-BaseProject/Pods-BaseProject-frameworks.sh\"\n";
			showEnvVarsInLog = 0;
		};
		F7B0FC5C6C5E495AD4AA8664 /* [CP] Check Pods Manifest.lock */ = {
			isa = PBXShellScriptBuildPhase;
			buildActionMask = 2147483647;
			files = (
			);
			inputPaths = (
			);
			name = "[CP] Check Pods Manifest.lock";
			outputPaths = (
			);
			runOnlyForDeploymentPostprocessing = 0;
			shellPath = /bin/sh;
			shellScript = "diff \"${PODS_ROOT}/../Podfile.lock\" \"${PODS_ROOT}/Manifest.lock\" > /dev/null\nif [ $? != 0 ] ; then\n    # print error to STDERR\n    echo \"error: The sandbox is not in sync with the Podfile.lock. Run 'pod install' or update your CocoaPods installation.\" >&2\n    exit 1\nfi\n";
			showEnvVarsInLog = 0;
		};
/* End PBXShellScriptBuildPhase section */

/* Begin PBXSourcesBuildPhase section */
		83D7EEDB1E8ACBEC0037EE7E /* Sources */ = {
			isa = PBXSourcesBuildPhase;
			buildActionMask = 2147483647;
			files = (
				83D7EF121E8BF5910037EE7E /* User.swift in Sources */,
				83D7EF031E8AD1E60037EE7E /* String.swift in Sources */,
				06EAA9781EBCC1C9006C3FDE /* UITextField.swift in Sources */,
				83D7EEF91E8ACDC30037EE7E /* Fonts.swift in Sources */,
				83D7EF091E8AD4B10037EE7E /* Data.swift in Sources */,
				83D7EF141E8BF67F0037EE7E /* Identifiers.swift in Sources */,
				83D7EF0B1E8AD4CC0037EE7E /* UIImage.swift in Sources */,
				83D7EF1F1E8C171C0037EE7E /* Router.swift in Sources */,
				83D7EEF71E8ACD400037EE7E /* Colors.swift in Sources */,
				83D7EF071E8AD3300037EE7E /* Date.swift in Sources */,
				83D7EEF51E8ACC030037EE7E /* Strings.swift in Sources */,
				83D7EEE31E8ACBEC0037EE7E /* AppDelegate.swift in Sources */,
				83D7EF191E8C04660037EE7E /* SignInVC.swift in Sources */,
				83D7EEFF1E8ACE940037EE7E /* UIView.swift in Sources */,
				83D7EF0F1E8BF5550037EE7E /* HomeVC.swift in Sources */,
				83D7EF051E8AD2900037EE7E /* UIDevice.swift in Sources */,
				83D7EF1D1E8C04900037EE7E /* ForgotPasswordVC.swift in Sources */,
				83D7EF011E8ACF0A0037EE7E /* UIViewController.swift in Sources */,
				83D7EF171E8C04570037EE7E /* LoginVC.swift in Sources */,
				83D7EF1B1E8C046F0037EE7E /* SignUpVC.swift in Sources */,
				06A7114A1EBBB3C30015715D /* ConditionalConstraint.swift in Sources */,
			);
			runOnlyForDeploymentPostprocessing = 0;
		};
/* End PBXSourcesBuildPhase section */

/* Begin PBXVariantGroup section */
		83D7EEE61E8ACBEC0037EE7E /* Login.storyboard */ = {
			isa = PBXVariantGroup;
			children = (
				83D7EEE71E8ACBEC0037EE7E /* Base */,
			);
			name = Login.storyboard;
			sourceTree = "<group>";
		};
		83D7EEEB1E8ACBEC0037EE7E /* LaunchScreen.storyboard */ = {
			isa = PBXVariantGroup;
			children = (
				83D7EEEC1E8ACBEC0037EE7E /* Base */,
			);
			name = LaunchScreen.storyboard;
			sourceTree = "<group>";
		};
/* End PBXVariantGroup section */

/* Begin XCBuildConfiguration section */
		83D7EEEF1E8ACBEC0037EE7E /* Debug */ = {
			isa = XCBuildConfiguration;
			buildSettings = {
				ALWAYS_SEARCH_USER_PATHS = NO;
				CLANG_ANALYZER_NONNULL = YES;
				CLANG_CXX_LANGUAGE_STANDARD = "gnu++0x";
				CLANG_CXX_LIBRARY = "libc++";
				CLANG_ENABLE_MODULES = YES;
				CLANG_ENABLE_OBJC_ARC = YES;
				CLANG_WARN_BOOL_CONVERSION = YES;
				CLANG_WARN_CONSTANT_CONVERSION = YES;
				CLANG_WARN_DIRECT_OBJC_ISA_USAGE = YES_ERROR;
				CLANG_WARN_DOCUMENTATION_COMMENTS = YES;
				CLANG_WARN_EMPTY_BODY = YES;
				CLANG_WARN_ENUM_CONVERSION = YES;
				CLANG_WARN_INFINITE_RECURSION = YES;
				CLANG_WARN_INT_CONVERSION = YES;
				CLANG_WARN_OBJC_ROOT_CLASS = YES_ERROR;
				CLANG_WARN_SUSPICIOUS_MOVE = YES;
				CLANG_WARN_UNREACHABLE_CODE = YES;
				CLANG_WARN__DUPLICATE_METHOD_MATCH = YES;
				"CODE_SIGN_IDENTITY[sdk=iphoneos*]" = "iPhone Developer";
				COPY_PHASE_STRIP = NO;
				DEBUG_INFORMATION_FORMAT = dwarf;
				ENABLE_STRICT_OBJC_MSGSEND = YES;
				ENABLE_TESTABILITY = YES;
				GCC_C_LANGUAGE_STANDARD = gnu99;
				GCC_DYNAMIC_NO_PIC = NO;
				GCC_NO_COMMON_BLOCKS = YES;
				GCC_OPTIMIZATION_LEVEL = 0;
				GCC_PREPROCESSOR_DEFINITIONS = (
					"DEBUG=1",
					"$(inherited)",
				);
				GCC_WARN_64_TO_32_BIT_CONVERSION = YES;
				GCC_WARN_ABOUT_RETURN_TYPE = YES_ERROR;
				GCC_WARN_UNDECLARED_SELECTOR = YES;
				GCC_WARN_UNINITIALIZED_AUTOS = YES_AGGRESSIVE;
				GCC_WARN_UNUSED_FUNCTION = YES;
				GCC_WARN_UNUSED_VARIABLE = YES;
				IPHONEOS_DEPLOYMENT_TARGET = 10.2;
				MTL_ENABLE_DEBUG_INFO = YES;
				ONLY_ACTIVE_ARCH = YES;
				SDKROOT = iphoneos;
				SWIFT_ACTIVE_COMPILATION_CONDITIONS = DEBUG;
				SWIFT_OPTIMIZATION_LEVEL = "-Onone";
			};
			name = Debug;
		};
		83D7EEF01E8ACBEC0037EE7E /* Release */ = {
			isa = XCBuildConfiguration;
			buildSettings = {
				ALWAYS_SEARCH_USER_PATHS = NO;
				CLANG_ANALYZER_NONNULL = YES;
				CLANG_CXX_LANGUAGE_STANDARD = "gnu++0x";
				CLANG_CXX_LIBRARY = "libc++";
				CLANG_ENABLE_MODULES = YES;
				CLANG_ENABLE_OBJC_ARC = YES;
				CLANG_WARN_BOOL_CONVERSION = YES;
				CLANG_WARN_CONSTANT_CONVERSION = YES;
				CLANG_WARN_DIRECT_OBJC_ISA_USAGE = YES_ERROR;
				CLANG_WARN_DOCUMENTATION_COMMENTS = YES;
				CLANG_WARN_EMPTY_BODY = YES;
				CLANG_WARN_ENUM_CONVERSION = YES;
				CLANG_WARN_INFINITE_RECURSION = YES;
				CLANG_WARN_INT_CONVERSION = YES;
				CLANG_WARN_OBJC_ROOT_CLASS = YES_ERROR;
				CLANG_WARN_SUSPICIOUS_MOVE = YES;
				CLANG_WARN_UNREACHABLE_CODE = YES;
				CLANG_WARN__DUPLICATE_METHOD_MATCH = YES;
				"CODE_SIGN_IDENTITY[sdk=iphoneos*]" = "iPhone Developer";
				COPY_PHASE_STRIP = NO;
				DEBUG_INFORMATION_FORMAT = "dwarf-with-dsym";
				ENABLE_NS_ASSERTIONS = NO;
				ENABLE_STRICT_OBJC_MSGSEND = YES;
				GCC_C_LANGUAGE_STANDARD = gnu99;
				GCC_NO_COMMON_BLOCKS = YES;
				GCC_WARN_64_TO_32_BIT_CONVERSION = YES;
				GCC_WARN_ABOUT_RETURN_TYPE = YES_ERROR;
				GCC_WARN_UNDECLARED_SELECTOR = YES;
				GCC_WARN_UNINITIALIZED_AUTOS = YES_AGGRESSIVE;
				GCC_WARN_UNUSED_FUNCTION = YES;
				GCC_WARN_UNUSED_VARIABLE = YES;
				IPHONEOS_DEPLOYMENT_TARGET = 10.2;
				MTL_ENABLE_DEBUG_INFO = NO;
				SDKROOT = iphoneos;
				SWIFT_OPTIMIZATION_LEVEL = "-Owholemodule";
				VALIDATE_PRODUCT = YES;
			};
			name = Release;
		};
		83D7EEF21E8ACBEC0037EE7E /* Debug */ = {
			isa = XCBuildConfiguration;
			baseConfigurationReference = 4AFD647744F53B86DD8412D6 /* Pods-BaseProject.debug.xcconfig */;
			buildSettings = {
				ASSETCATALOG_COMPILER_APPICON_NAME = AppIcon;
				DEVELOPMENT_TEAM = 4PUW4LLWZC;
				INFOPLIST_FILE = BaseProject/Info.plist;
				IPHONEOS_DEPLOYMENT_TARGET = 9.3;
				LD_RUNPATH_SEARCH_PATHS = "$(inherited) @executable_path/Frameworks";
				PRODUCT_BUNDLE_IDENTIFIER = co.lateralview.BaseProject;
				PRODUCT_NAME = "$(TARGET_NAME)";
				SWIFT_VERSION = 3.0;
			};
			name = Debug;
		};
		83D7EEF31E8ACBEC0037EE7E /* Release */ = {
			isa = XCBuildConfiguration;
			baseConfigurationReference = DBAC2FA10525F5B504CD08B8 /* Pods-BaseProject.release.xcconfig */;
			buildSettings = {
				ASSETCATALOG_COMPILER_APPICON_NAME = AppIcon;
				DEVELOPMENT_TEAM = 4PUW4LLWZC;
				INFOPLIST_FILE = BaseProject/Info.plist;
				IPHONEOS_DEPLOYMENT_TARGET = 9.3;
				LD_RUNPATH_SEARCH_PATHS = "$(inherited) @executable_path/Frameworks";
				PRODUCT_BUNDLE_IDENTIFIER = co.lateralview.BaseProject;
				PRODUCT_NAME = "$(TARGET_NAME)";
				SWIFT_VERSION = 3.0;
			};
			name = Release;
		};
/* End XCBuildConfiguration section */

/* Begin XCConfigurationList section */
		83D7EEDA1E8ACBEC0037EE7E /* Build configuration list for PBXProject "BaseProject" */ = {
			isa = XCConfigurationList;
			buildConfigurations = (
				83D7EEEF1E8ACBEC0037EE7E /* Debug */,
				83D7EEF01E8ACBEC0037EE7E /* Release */,
			);
			defaultConfigurationIsVisible = 0;
			defaultConfigurationName = Release;
		};
		83D7EEF11E8ACBEC0037EE7E /* Build configuration list for PBXNativeTarget "BaseProject" */ = {
			isa = XCConfigurationList;
			buildConfigurations = (
				83D7EEF21E8ACBEC0037EE7E /* Debug */,
				83D7EEF31E8ACBEC0037EE7E /* Release */,
			);
			defaultConfigurationIsVisible = 0;
			defaultConfigurationName = Release;
		};
/* End XCConfigurationList section */
	};
	rootObject = 83D7EED71E8ACBEC0037EE7E /* Project object */;
}
